
Microsoft Visual Studio Solution File, Format Version 12.00
# Visual Studio Version 16
VisualStudioVersion = 16.0.29911.84
MinimumVisualStudioVersion = 10.0.40219.1
Project("{9A19103F-16F7-4668-BE54-9A1E7A4F7556}") = "MCPE.AlphaServer", "MCPE.AlphaServer\MCPE.AlphaServer.csproj", "{61613B58-B736-440E-BF61-8399E890907F}"
EndProject
Project("{FAE04EC0-301F-11D3-BF4B-00C04F79EFBC}") = "MCPE.AlphaServer.Tests", "MCPE.AlphaServer.Tests\MCPE.AlphaServer.Tests.csproj", "{0B457E26-7262-4D99-9B04-5E97DE2304D8}"
EndProject
Global
	GlobalSection(SolutionConfigurationPlatforms) = preSolution
		Debug|Any CPU = Debug|Any CPU
		Release|Any CPU = Release|Any CPU
	EndGlobalSection
	GlobalSection(ProjectConfigurationPlatforms) = postSolution
		{61613B58-B736-440E-BF61-8399E890907F}.Debug|Any CPU.ActiveCfg = Debug|Any CPU
		{61613B58-B736-440E-BF61-8399E890907F}.Debug|Any CPU.Build.0 = Debug|Any CPU
		{61613B58-B736-440E-BF61-8399E890907F}.Release|Any CPU.ActiveCfg = Release|Any CPU
		{61613B58-B736-440E-BF61-8399E890907F}.Release|Any CPU.Build.0 = Release|Any CPU
		{0B457E26-7262-4D99-9B04-5E97DE2304D8}.Debug|Any CPU.ActiveCfg = Debug|Any CPU
		{0B457E26-7262-4D99-9B04-5E97DE2304D8}.Debug|Any CPU.Build.0 = Debug|Any CPU
		{0B457E26-7262-4D99-9B04-5E97DE2304D8}.Release|Any CPU.ActiveCfg = Release|Any CPU
		{0B457E26-7262-4D99-9B04-5E97DE2304D8}.Release|Any CPU.Build.0 = Release|Any CPU
	EndGlobalSection
	GlobalSection(SolutionProperties) = preSolution
		HideSolutionNode = FALSE
	EndGlobalSection
	GlobalSection(ExtensibilityGlobals) = postSolution
		SolutionGuid = {9F2FD47E-0E67-4DE2-8FE1-2298D4531B86}
	EndGlobalSection
EndGlobal
